github.com/danielfdickinson/hugoDebugTables v0.0.0-20210320100226-e1f9ff1a5297 h1:hBM4CHy3aX/Z0MtLYfbYME5Ry4UKwI5S7+XXGGVifEI=
github.com/danielfdickinson/hugoDebugTables v0.0.0-20210320100226-e1f9ff1a5297/go.mod h1:Je43lYmahaQs8IQIdSO4tVkeb/HcuCA0Th4C2bxkNAY=
github.com/danielfdickinson/hugoDebugTables v0.0.0-20210321183037-8e64a3a0519c h1:odouY70Q7bpDFFDKCxZzIlrPXhcmKe+ItmNVOwAC+kg=
github.com/danielfdickinson/hugoDebugTables v0.0.0-20210321183037-8e64a3a0519c/go.mod h1:Je43lYmahaQs8IQIdSO4tVkeb/HcuCA0Th4C2bxkNAY=
